
Microsoft Visual Studio Solution File, Format Version 12.00
# Visual Studio 15
VisualStudioVersion = 15.0.28010.2016
MinimumVisualStudioVersion = 10.0.40219.1
Project("{FAE04EC0-301F-11D3-BF4B-00C04F79EFBC}") = "ApiIoasys", "ApiIoasys\ApiIoasys.csproj", "{C792AF69-F92B-4C3F-B1CC-A0266E2DA2BD}"
EndProject
Global
	GlobalSection(SolutionConfigurationPlatforms) = preSolution
		Debug|Any CPU = Debug|Any CPU
		Release|Any CPU = Release|Any CPU
	EndGlobalSection
	GlobalSection(ProjectConfigurationPlatforms) = postSolution
		{C792AF69-F92B-4C3F-B1CC-A0266E2DA2BD}.Debug|Any CPU.ActiveCfg = Debug|Any CPU
		{C792AF69-F92B-4C3F-B1CC-A0266E2DA2BD}.Debug|Any CPU.Build.0 = Debug|Any CPU
		{C792AF69-F92B-4C3F-B1CC-A0266E2DA2BD}.Release|Any CPU.ActiveCfg = Release|Any CPU
		{C792AF69-F92B-4C3F-B1CC-A0266E2DA2BD}.Release|Any CPU.Build.0 = Release|Any CPU
	EndGlobalSection
	GlobalSection(SolutionProperties) = preSolution
		HideSolutionNode = FALSE
	EndGlobalSection
	GlobalSection(ExtensibilityGlobals) = postSolution
		SolutionGuid = {1215F035-662D-45F4-83F3-602DEE640047}
	EndGlobalSection
EndGlobal
